
Microsoft Visual Studio Solution File, Format Version 12.00
# Visual Studio Version 16
VisualStudioVersion = 16.0.29201.188
MinimumVisualStudioVersion = 10.0.40219.1
Project("{9A19103F-16F7-4668-BE54-9A1E7A4F7556}") = "TextToMorseConverterTest", "TextToMorseTest\TextToMorseConverterTest.csproj", "{B1F846E1-7A20-4373-9F60-DCD64E4613BF}"
EndProject
Project("{FAE04EC0-301F-11D3-BF4B-00C04F79EFBC}") = "TextToMorseUI", "TextToMorseUI\TextToMorseUI.csproj", "{746CEE0D-027B-45E4-B419-DE10AFD53960}"
EndProject
Project("{FAE04EC0-301F-11D3-BF4B-00C04F79EFBC}") = "TextToMorse", "TextToMorseDotNetStandard\TextToMorse.csproj", "{FD51CA13-28F5-43A1-8307-F49BE6D5192F}"
EndProject
Global
	GlobalSection(SolutionConfigurationPlatforms) = preSolution
		Debug|Any CPU = Debug|Any CPU
		Release|Any CPU = Release|Any CPU
	EndGlobalSection
	GlobalSection(ProjectConfigurationPlatforms) = postSolution
		{B1F846E1-7A20-4373-9F60-DCD64E4613BF}.Debug|Any CPU.ActiveCfg = Debug|Any CPU
		{B1F846E1-7A20-4373-9F60-DCD64E4613BF}.Debug|Any CPU.Build.0 = Debug|Any CPU
		{B1F846E1-7A20-4373-9F60-DCD64E4613BF}.Release|Any CPU.ActiveCfg = Release|Any CPU
		{B1F846E1-7A20-4373-9F60-DCD64E4613BF}.Release|Any CPU.Build.0 = Release|Any CPU
		{746CEE0D-027B-45E4-B419-DE10AFD53960}.Debug|Any CPU.ActiveCfg = Debug|Any CPU
		{746CEE0D-027B-45E4-B419-DE10AFD53960}.Debug|Any CPU.Build.0 = Debug|Any CPU
		{746CEE0D-027B-45E4-B419-DE10AFD53960}.Release|Any CPU.ActiveCfg = Release|Any CPU
		{746CEE0D-027B-45E4-B419-DE10AFD53960}.Release|Any CPU.Build.0 = Release|Any CPU
		{FD51CA13-28F5-43A1-8307-F49BE6D5192F}.Debug|Any CPU.ActiveCfg = Debug|Any CPU
		{FD51CA13-28F5-43A1-8307-F49BE6D5192F}.Debug|Any CPU.Build.0 = Debug|Any CPU
		{FD51CA13-28F5-43A1-8307-F49BE6D5192F}.Release|Any CPU.ActiveCfg = Release|Any CPU
		{FD51CA13-28F5-43A1-8307-F49BE6D5192F}.Release|Any CPU.Build.0 = Release|Any CPU
	EndGlobalSection
	GlobalSection(SolutionProperties) = preSolution
		HideSolutionNode = FALSE
	EndGlobalSection
	GlobalSection(ExtensibilityGlobals) = postSolution
		SolutionGuid = {55A3C374-C06B-4978-8CE4-726ECDD5FBFA}
	EndGlobalSection
EndGlobal
