
Microsoft Visual Studio Solution File, Format Version 12.00
# Visual Studio Version 16
VisualStudioVersion = 16.0.29201.188
MinimumVisualStudioVersion = 10.0.40219.1
Project("{9A19103F-16F7-4668-BE54-9A1E7A4F7556}") = "TextToMorse", "easy-2019-08-05\TextToMorse.csproj", "{21C659EE-3EBC-41FC-9EC4-7ED6A22687E2}"
EndProject
Project("{9A19103F-16F7-4668-BE54-9A1E7A4F7556}") = "TextToMorseConverterTest", "TextToMorseTest\TextToMorseConverterTest.csproj", "{B1F846E1-7A20-4373-9F60-DCD64E4613BF}"
EndProject
Global
	GlobalSection(SolutionConfigurationPlatforms) = preSolution
		Debug|Any CPU = Debug|Any CPU
		Release|Any CPU = Release|Any CPU
	EndGlobalSection
	GlobalSection(ProjectConfigurationPlatforms) = postSolution
		{21C659EE-3EBC-41FC-9EC4-7ED6A22687E2}.Debug|Any CPU.ActiveCfg = Debug|Any CPU
		{21C659EE-3EBC-41FC-9EC4-7ED6A22687E2}.Debug|Any CPU.Build.0 = Debug|Any CPU
		{21C659EE-3EBC-41FC-9EC4-7ED6A22687E2}.Release|Any CPU.ActiveCfg = Release|Any CPU
		{21C659EE-3EBC-41FC-9EC4-7ED6A22687E2}.Release|Any CPU.Build.0 = Release|Any CPU
		{B1F846E1-7A20-4373-9F60-DCD64E4613BF}.Debug|Any CPU.ActiveCfg = Debug|Any CPU
		{B1F846E1-7A20-4373-9F60-DCD64E4613BF}.Debug|Any CPU.Build.0 = Debug|Any CPU
		{B1F846E1-7A20-4373-9F60-DCD64E4613BF}.Release|Any CPU.ActiveCfg = Release|Any CPU
		{B1F846E1-7A20-4373-9F60-DCD64E4613BF}.Release|Any CPU.Build.0 = Release|Any CPU
	EndGlobalSection
	GlobalSection(SolutionProperties) = preSolution
		HideSolutionNode = FALSE
	EndGlobalSection
	GlobalSection(ExtensibilityGlobals) = postSolution
		SolutionGuid = {55A3C374-C06B-4978-8CE4-726ECDD5FBFA}
	EndGlobalSection
EndGlobal
